
Microsoft Visual Studio Solution File, Format Version 12.00
# Visual Studio Version 17
VisualStudioVersion = 17.7.34031.279
MinimumVisualStudioVersion = 10.0.40219.1
Project("{FAE04EC0-301F-11D3-BF4B-00C04F79EFBC}") = "Hotel.Atr.WebPortal", "Hotel.Atr.WebPortal\Hotel.Atr.WebPortal.csproj", "{C7C5A2B2-6AB4-4D23-9E50-F88CB4E1A9E0}"
EndProject
Global
	GlobalSection(SolutionConfigurationPlatforms) = preSolution
		Debug|Any CPU = Debug|Any CPU
		Release|Any CPU = Release|Any CPU
	EndGlobalSection
	GlobalSection(ProjectConfigurationPlatforms) = postSolution
		{C7C5A2B2-6AB4-4D23-9E50-F88CB4E1A9E0}.Debug|Any CPU.ActiveCfg = Debug|Any CPU
		{C7C5A2B2-6AB4-4D23-9E50-F88CB4E1A9E0}.Debug|Any CPU.Build.0 = Debug|Any CPU
		{C7C5A2B2-6AB4-4D23-9E50-F88CB4E1A9E0}.Release|Any CPU.ActiveCfg = Release|Any CPU
		{C7C5A2B2-6AB4-4D23-9E50-F88CB4E1A9E0}.Release|Any CPU.Build.0 = Release|Any CPU
	EndGlobalSection
	GlobalSection(SolutionProperties) = preSolution
		HideSolutionNode = FALSE
	EndGlobalSection
	GlobalSection(ExtensibilityGlobals) = postSolution
		SolutionGuid = {5132A3C2-ABA9-4C1D-9456-0D20A64689A1}
	EndGlobalSection
EndGlobal
